Microsoft Visual Studio Solution File, Format Version 12.00
# Visual Studio Version 17
VisualStudioVersion = 17.5.2.0
MinimumVisualStudioVersion = 10.0.40219.1
Project("{2150E333-8FDC-42A3-9474-1A3956D46DE8}") = "src", "src", "{827E0CD3-B72D-47B6-A68D-7590B98EB39B}"
EndProject
Project("{FAE04EC0-301F-11D3-BF4B-00C04F79EFBC}") = "AjgPlatformTest", "src\AjgPlatformTest\AjgPlatformTest.csproj", "{4D2B6813-6335-990F-E85D-432433472AF8}"
EndProject
Project("{FAE04EC0-301F-11D3-BF4B-00C04F79EFBC}") = "AjgPlatformTest.Tests", "src\AjgPlatformTest.Tests\AjgPlatformTest.Tests.csproj", "{F2F7BBB8-A44C-7FC9-7226-12D09A3DC93D}"
EndProject
Global
	GlobalSection(SolutionConfigurationPlatforms) = preSolution
		Debug|Any CPU = Debug|Any CPU
		Release|Any CPU = Release|Any CPU
	EndGlobalSection
	GlobalSection(ProjectConfigurationPlatforms) = postSolution
		{4D2B6813-6335-990F-E85D-432433472AF8}.Debug|Any CPU.ActiveCfg = Debug|Any CPU
		{4D2B6813-6335-990F-E85D-432433472AF8}.Debug|Any CPU.Build.0 = Debug|Any CPU
		{4D2B6813-6335-990F-E85D-432433472AF8}.Release|Any CPU.ActiveCfg = Release|Any CPU
		{4D2B6813-6335-990F-E85D-432433472AF8}.Release|Any CPU.Build.0 = Release|Any CPU
		{F2F7BBB8-A44C-7FC9-7226-12D09A3DC93D}.Debug|Any CPU.ActiveCfg = Debug|Any CPU
		{F2F7BBB8-A44C-7FC9-7226-12D09A3DC93D}.Debug|Any CPU.Build.0 = Debug|Any CPU
		{F2F7BBB8-A44C-7FC9-7226-12D09A3DC93D}.Release|Any CPU.ActiveCfg = Release|Any CPU
		{F2F7BBB8-A44C-7FC9-7226-12D09A3DC93D}.Release|Any CPU.Build.0 = Release|Any CPU
	EndGlobalSection
	GlobalSection(SolutionProperties) = preSolution
		HideSolutionNode = FALSE
	EndGlobalSection
	GlobalSection(NestedProjects) = preSolution
		{4D2B6813-6335-990F-E85D-432433472AF8} = {827E0CD3-B72D-47B6-A68D-7590B98EB39B}
		{F2F7BBB8-A44C-7FC9-7226-12D09A3DC93D} = {827E0CD3-B72D-47B6-A68D-7590B98EB39B}
	EndGlobalSection
	GlobalSection(ExtensibilityGlobals) = postSolution
		SolutionGuid = {FF0EF938-9C95-4102-A78C-E471984E8349}
	EndGlobalSection
EndGlobal
